{
  "name": "network_vis",
  "version": "5.5.0-1",
  "lockfileVersion": 1,
  "requires": true,
  "dependencies": {
    "css-element-queries": {
      "version": "0.3.2",
      "resolved": "https://logrhythm.jfrog.io/logrhythm/api/npm/npm-virtual/css-element-queries/-/css-element-queries-0.3.2.tgz",
      "integrity": "sha1-U12AiRs68hOV0AXxmQX+UVS1zP8="
    },
    "keycharm": {
      "version": "0.2.0",
      "resolved": "https://logrhythm.jfrog.io/logrhythm/api/npm/npm-virtual/keycharm/-/keycharm-0.2.0.tgz",
      "integrity": "sha1-+m6i5DuQpoAohD0n8gddNajD5vk="
    },
    "moment": {
      "version": "2.24.0",
      "resolved": "https://logrhythm.jfrog.io/logrhythm/api/npm/npm-virtual/moment/-/moment-2.24.0.tgz",
      "integrity": "sha1-DQVdU/UFKqZTyfbraLtdEr9cK1s="
    },
    "randomcolor": {
      "version": "0.5.0",
      "resolved": "https://logrhythm.jfrog.io/logrhythm/api/npm/npm-virtual/randomcolor/-/randomcolor-0.5.0.tgz",
      "integrity": "sha1-Gn3eS4U6F4ujTU5ND8c5K47HLjw="
    },
    "vis-data": {
      "version": "6.3.5",
      "resolved": "https://logrhythm.jfrog.io/logrhythm/api/npm/npm-virtual/vis-data/-/vis-data-6.3.5.tgz",
      "integrity": "sha1-21PLCChgGqCQj4bsoc/oD2nxeHM=",
      "requires": {
        "vis-util": "2.0.1",
        "vis-uuid": "1.1.3"
      },
      "dependencies": {
        "vis-util": {
          "version": "2.0.1",
          "resolved": "https://logrhythm.jfrog.io/logrhythm/api/npm/npm-virtual/vis-util/-/vis-util-2.0.1.tgz",
          "integrity": "sha1-RTiu4Rl5W94feZaj7o4BSLr3ESQ=",
          "optional": true
        }
      }
    },
    "vis-network": {
      "version": "7.2.0",
      "resolved": "https://logrhythm.jfrog.io/logrhythm/api/npm/npm-virtual/vis-network/-/vis-network-7.2.0.tgz",
      "integrity": "sha1-Unj/x/+i+FWNPdZPCLg/+bCH/0E="
    },
    "vis-util": {
      "version": "1.1.10",
      "resolved": "https://logrhythm.jfrog.io/logrhythm/api/npm/npm-virtual/vis-util/-/vis-util-1.1.10.tgz",
      "integrity": "sha1-HA67F61ROZWRItzRKq5UpOFzhGo=",
      "requires": {
        "moment": "2.24.0",
        "vis-uuid": "1.1.3"
      }
    },
    "vis-uuid": {
      "version": "1.1.3",
      "resolved": "https://logrhythm.jfrog.io/logrhythm/api/npm/npm-virtual/vis-uuid/-/vis-uuid-1.1.3.tgz",
      "integrity": "sha1-L1P/NengJrDsk7xDPOaFxAwveEw="
    }
  }
}
