{
  "name": "network_vis",
  "version": "5.5.0-1",
  "lockfileVersion": 1,
  "requires": true,
  "dependencies": {
    "css-element-queries": {
      "version": "0.3.2",
      "resolved": "https://registry.npmjs.org/css-element-queries/-/css-element-queries-0.3.2.tgz",
      "integrity": "sha1-U12AiRs68hOV0AXxmQX+UVS1zP8="
    },
    "keycharm": {
      "version": "0.2.0",
      "resolved": "https://registry.npmjs.org/keycharm/-/keycharm-0.2.0.tgz",
      "integrity": "sha1-+m6i5DuQpoAohD0n8gddNajD5vk="
    },
    "moment": {
      "version": "2.24.0",
      "resolved": "https://registry.npmjs.org/moment/-/moment-2.24.0.tgz",
      "integrity": "sha512-bV7f+6l2QigeBBZSM/6yTNq4P2fNpSWj/0e7jQcy87A8e7o2nAfP/34/2ky5Vw4B9S446EtIhodAzkFCcR4dQg=="
    },
    "randomcolor": {
      "version": "0.5.0",
      "resolved": "https://registry.npmjs.org/randomcolor/-/randomcolor-0.5.0.tgz",
      "integrity": "sha1-Gn3eS4U6F4ujTU5ND8c5K47HLjw="
    },
    "vis-data": {
      "version": "6.3.5",
      "resolved": "https://registry.npmjs.org/vis-data/-/vis-data-6.3.5.tgz",
      "integrity": "sha512-H8lD1NTmC5HimYeqTouxhbUya5qrYQGjpJhIHkxsm5R34EEdcm/D1cLTMLFFyIoZC6SQkADQj+dlFKf5DOnSww==",
      "requires": {
        "vis-util": "2.0.1",
        "vis-uuid": "1.1.3"
      },
      "dependencies": {
        "vis-util": {
          "version": "2.0.1",
          "resolved": "https://registry.npmjs.org/vis-util/-/vis-util-2.0.1.tgz",
          "integrity": "sha512-VBQ6zCT+Iaum70uzLbjk0nLMOjp9NhPzU42j0gaM6q6tg0eTcgIWNXzAqamhQtmm1kDj0jMLzKvkFOPENYv34w==",
          "optional": true
        }
      }
    },
    "vis-network": {
      "version": "7.2.0",
      "resolved": "https://registry.npmjs.org/vis-network/-/vis-network-7.2.0.tgz",
      "integrity": "sha512-K8Ju5oW26LosuEYPZw+dQD7L2WHNdhcEbiik5x1VA2kxIB4VJdIo0tOlXm8YpKeecahf/9egMCHEzu7J+a9I9w=="
    },
    "vis-util": {
      "version": "1.1.10",
      "resolved": "https://registry.npmjs.org/vis-util/-/vis-util-1.1.10.tgz",
      "integrity": "sha512-8hGSxsFi2ogYYweClQyITzWnirWgQ8p0i9M4d3OXMuUO8vjXrf+2zHOYI9OZbtUduxAWuMEePnS9BXDtPJmJ7Q==",
      "requires": {
        "moment": "2.24.0",
        "vis-uuid": "1.1.3"
      }
    },
    "vis-uuid": {
      "version": "1.1.3",
      "resolved": "https://registry.npmjs.org/vis-uuid/-/vis-uuid-1.1.3.tgz",
      "integrity": "sha512-2B6XdY1bkzbUh+TugmnAaFa61KO9R5pzBzIuFIm8a9FrkbxIdSmQXV+FbfkL8QunkQV/bT0JDLQ2puqCS2+0Og=="
    }
  }
}
