# THIS IS AN AUTOGENERATED FILE. DO NOT EDIT THIS FILE DIRECTLY.
# yarn lockfile v1


expr-eval@2.0.2:
  version "2.0.2"
  resolved "https://registry.yarnpkg.com/expr-eval/-/expr-eval-2.0.2.tgz#fa6f044a7b0c93fde830954eb9c5b0f7fbc7e201"
  integrity sha512-4EMSHGOPSwAfBiibw3ndnP0AvjDWLsMvGOvWEZ2F96IGk0bIVdjQisOHxReSkE13mHcfbuCiXw+G4y0zv6N8Eg==

keycharm@^0.2.0:
  version "0.2.0"
  resolved "https://registry.yarnpkg.com/keycharm/-/keycharm-0.2.0.tgz#fa6ea2e43b90a68028843d27f2075d35a8c3e6f9"
  integrity sha1-+m6i5DuQpoAohD0n8gddNajD5vk=

moment@2.24.0:
  version "2.24.0"
  resolved "https://registry.yarnpkg.com/moment/-/moment-2.24.0.tgz#0d055d53f5052aa653c9f6eb68bb5d12bf5c2b5b"
  integrity sha512-bV7f+6l2QigeBBZSM/6yTNq4P2fNpSWj/0e7jQcy87A8e7o2nAfP/34/2ky5Vw4B9S446EtIhodAzkFCcR4dQg==

moment@^2.24.0:
  version "2.29.1"
  resolved "https://registry.yarnpkg.com/moment/-/moment-2.29.1.tgz#b2be769fa31940be9eeea6469c075e35006fa3d3"
  integrity sha512-kHmoybcPV8Sqy59DwNDY3Jefr64lK/by/da0ViFcuA4DH0vQg5Q6Ze5VimxkfQNSC+Mls/Kx53s7TjP1RhFEDQ==

randomcolor@^0.5.0:
  version "0.5.4"
  resolved "https://registry.yarnpkg.com/randomcolor/-/randomcolor-0.5.4.tgz#df615b13f25b89ea58c5f8f72647f0a6f07adcc3"
  integrity sha512-nYd4nmTuuwMFzHL6W+UWR5fNERGZeVauho8mrJDUSXdNDbao4rbrUwhuLgKC/j8VCS5+34Ria8CsTDuBjrIrQA==

vis-data@^6.5.1:
  version "6.6.1"
  resolved "https://registry.yarnpkg.com/vis-data/-/vis-data-6.6.1.tgz#2aa52e46c305ad46bb7abe6e7634e2eecd743b15"
  integrity sha512-xmujDB2Dzf8T04rGFJ9OP4OA6zRVrz8R9hb0CVKryBrZRCljCga9JjSfgctA8S7wdZu7otDtUIwX4ZOgfV/57w==

vis-network@^7.4.0:
  version "7.10.2"
  resolved "https://registry.yarnpkg.com/vis-network/-/vis-network-7.10.2.tgz#b318f1907cf006d9640c4c31a262e0782405a3cf"
  integrity sha512-KDx2agbDnaiE0Bye4AcCRqTn5mxzDKhdUNpKkzSn0AOLBmdhNtPGjxAFluAmvFVyiSK5R6Q5KIWdLjeIMu/PAQ==

vis-util@^1.1.8:
  version "1.1.10"
  resolved "https://registry.yarnpkg.com/vis-util/-/vis-util-1.1.10.tgz#1c0ebb17ad5139959122dcd12aae54a4e173846a"
  integrity sha512-8hGSxsFi2ogYYweClQyITzWnirWgQ8p0i9M4d3OXMuUO8vjXrf+2zHOYI9OZbtUduxAWuMEePnS9BXDtPJmJ7Q==
  dependencies:
    moment "2.24.0"
    vis-uuid "1.1.3"

vis-uuid@1.1.3:
  version "1.1.3"
  resolved "https://registry.yarnpkg.com/vis-uuid/-/vis-uuid-1.1.3.tgz#2f53ff35e9e026b0ec93bc433ce685c40c2f784c"
  integrity sha512-2B6XdY1bkzbUh+TugmnAaFa61KO9R5pzBzIuFIm8a9FrkbxIdSmQXV+FbfkL8QunkQV/bT0JDLQ2puqCS2+0Og==
